<?xml version="1.0" encoding="utf-8"?>
<Project ToolsVersion="4.0" xmlns="http://schemas.microsoft.com/developer/msbuild/2003">
  <ItemGroup>
    <ClCompile Include="CSmartCardCredential.cpp">
      <Filter>Source files</Filter>
    </ClCompile>
    <ClCompile Include="CSmartCardProvider.cpp">
      <Filter>Source files</Filter>
    </ClCompile>
    <ClCompile Include="Dll.cpp">
      <Filter>Source files</Filter>
    </ClCompile>
    <ClCompile Include="guid.cpp">
      <Filter>Source files</Filter>
    </ClCompile>
    <ClCompile Include="helpers.cpp">
      <Filter>Source files</Filter>
    </ClCompile>
  </ItemGroup>
  <ItemGroup>
    <ClInclude Include="common.h">
      <Filter>Header files</Filter>
    </ClInclude>
    <ClInclude Include="CSmartCardCredential.h">
      <Filter>Header files</Filter>
    </ClInclude>
    <ClInclude Include="CSmartCardProvider.h">
      <Filter>Header files</Filter>
    </ClInclude>
    <ClInclude Include="Dll.h">
      <Filter>Header files</Filter>
    </ClInclude>
    <ClInclude Include="guid.h">
      <Filter>Header files</Filter>
    </ClInclude>
    <ClInclude Include="helpers.h">
      <Filter>Header files</Filter>
    </ClInclude>
    <ClInclude Include="resource.h">
      <Filter>Header files</Filter>
    </ClInclude>
  </ItemGroup>
  <ItemGroup>
    <ResourceCompile Include="resources.rc" />
  </ItemGroup>
  <ItemGroup>
    <Image Include="tileimage.bmp" />
  </ItemGroup>
  <ItemGroup>
    <None Include="Register.reg" />
    <None Include="SampleCredentialProvider.def" />
    <None Include="Unregister.reg" />
  </ItemGroup>
  <ItemGroup>
    <Text Include="readme.txt" />
  </ItemGroup>
  <ItemGroup>
    <Filter Include="Source files">
      <UniqueIdentifier>{b0467a1f-90a1-486a-9fad-011c0991ecca}</UniqueIdentifier>
    </Filter>
    <Filter Include="Header files">
      <UniqueIdentifier>{608053cb-d6cb-4d1f-ad5c-fa975436a5b3}</UniqueIdentifier>
    </Filter>
  </ItemGroup>
</Project>