
Microsoft Visual Studio Solution File, Format Version 12.00
# Visual Studio 15
VisualStudioVersion = 15.0.27703.2042
MinimumVisualStudioVersion = 10.0.40219.1
Project("{8BC9CEB8-8B4A-11D0-8D11-00A0C91BC942}") = "SmartCardCredentialProvider", "SmartCardCredentialProvider.vcxproj", "{2DF895C3-D1B4-4632-8F76-F06670A0D311}"
EndProject
Global
	GlobalSection(SolutionConfigurationPlatforms) = preSolution
		Debug|Win32 = Debug|Win32
		Debug|x64 = Debug|x64
		Release|Win32 = Release|Win32
		Release|x64 = Release|x64
	EndGlobalSection
	GlobalSection(ProjectConfigurationPlatforms) = postSolution
		{2DF895C3-D1B4-4632-8F76-F06670A0D311}.Debug|Win32.ActiveCfg = Debug|Win32
		{2DF895C3-D1B4-4632-8F76-F06670A0D311}.Debug|Win32.Build.0 = Debug|Win32
		{2DF895C3-D1B4-4632-8F76-F06670A0D311}.Debug|x64.ActiveCfg = Debug|x64
		{2DF895C3-D1B4-4632-8F76-F06670A0D311}.Debug|x64.Build.0 = Debug|x64
		{2DF895C3-D1B4-4632-8F76-F06670A0D311}.Release|Win32.ActiveCfg = Release|Win32
		{2DF895C3-D1B4-4632-8F76-F06670A0D311}.Release|Win32.Build.0 = Release|Win32
		{2DF895C3-D1B4-4632-8F76-F06670A0D311}.Release|x64.ActiveCfg = Release|x64
		{2DF895C3-D1B4-4632-8F76-F06670A0D311}.Release|x64.Build.0 = Release|x64
	EndGlobalSection
	GlobalSection(SolutionProperties) = preSolution
		HideSolutionNode = FALSE
	EndGlobalSection
	GlobalSection(ExtensibilityGlobals) = postSolution
		SolutionGuid = {F5844678-76B5-4394-9140-0E1045C798D5}
	EndGlobalSection
EndGlobal
